
Microsoft Visual Studio Solution File, Format Version 12.00
# Visual Studio Version 17
VisualStudioVersion = 17.13.35931.197 d17.13
MinimumVisualStudioVersion = 10.0.40219.1
Project("{FAE04EC0-301F-11D3-BF4B-00C04F79EFBC}") = "GameOfLife", "GameOfLife\GameOfLife.csproj", "{3CD64F4B-787A-4EE1-90C6-88431896CCB4}"
EndProject
Global
	GlobalSection(SolutionConfigurationPlatforms) = preSolution
		Debug|Any CPU = Debug|Any CPU
		Release|Any CPU = Release|Any CPU
	EndGlobalSection
	GlobalSection(ProjectConfigurationPlatforms) = postSolution
		{3CD64F4B-787A-4EE1-90C6-88431896CCB4}.Debug|Any CPU.ActiveCfg = Debug|Any CPU
		{3CD64F4B-787A-4EE1-90C6-88431896CCB4}.Debug|Any CPU.Build.0 = Debug|Any CPU
		{3CD64F4B-787A-4EE1-90C6-88431896CCB4}.Release|Any CPU.ActiveCfg = Release|Any CPU
		{3CD64F4B-787A-4EE1-90C6-88431896CCB4}.Release|Any CPU.Build.0 = Release|Any CPU
	EndGlobalSection
	GlobalSection(SolutionProperties) = preSolution
		HideSolutionNode = FALSE
	EndGlobalSection
	GlobalSection(ExtensibilityGlobals) = postSolution
		SolutionGuid = {FC541763-393C-499A-AA6D-2555872F0581}
	EndGlobalSection
EndGlobal
